{
  "name": "stitchtest",
  "version": "1.0.0",
  "lockfileVersion": 1,
  "requires": true,
  "dependencies": {
    "base64-js": {
      "version": "1.3.0",
      "resolved": "https://registry.npmjs.org/base64-js/-/base64-js-1.3.0.tgz",
      "integrity": "sha512-ccav/yGvoa80BQDljCxsmmQ3Xvx60/UpBIij5QN21W3wBi/hhIC9OoO+KLpu9IJTS9j4DRVJ3aDDF9cMSoa2lw=="
    },
    "bson": {
      "version": "4.0.0",
      "resolved": "https://registry.npmjs.org/bson/-/bson-4.0.0.tgz",
      "integrity": "sha512-303qcGsM1cosFi2xYlHViuGTHpC+gDf59aWcxB+/GZY4skzXG6ta2mw6OPlBOA4mtOyZJMvgp4IWdbmXs4tKpw==",
      "requires": {
        "buffer": "^5.1.0",
        "long": "^4.0.0"
      }
    },
    "buffer": {
      "version": "5.2.1",
      "resolved": "https://registry.npmjs.org/buffer/-/buffer-5.2.1.tgz",
      "integrity": "sha512-c+Ko0loDaFfuPWiL02ls9Xd3GO3cPVmUobQ6t3rXNUk304u6hGq+8N/kFi+QEIKhzK3uwolVhLzszmfLmMLnqg==",
      "requires": {
        "base64-js": "^1.0.2",
        "ieee754": "^1.1.4"
      }
    },
    "cross-fetch": {
      "version": "2.2.3",
      "resolved": "https://registry.npmjs.org/cross-fetch/-/cross-fetch-2.2.3.tgz",
      "integrity": "sha512-PrWWNH3yL2NYIb/7WF/5vFG3DCQiXDOVf8k3ijatbrtnwNuhMWLC7YF7uqf53tbTFDzHIUD8oITw4Bxt8ST3Nw==",
      "requires": {
        "node-fetch": "2.1.2",
        "whatwg-fetch": "2.0.4"
      }
    },
    "eventsource": {
      "version": "1.0.7",
      "resolved": "https://registry.npmjs.org/eventsource/-/eventsource-1.0.7.tgz",
      "integrity": "sha512-4Ln17+vVT0k8aWq+t/bF5arcS3EpT9gYtW66EPacdj/mAFevznsnyoHLPy2BA8gbIQeIHoPsvwmfBftfcG//BQ==",
      "requires": {
        "original": "^1.0.0"
      }
    },
    "fs-extra": {
      "version": "6.0.1",
      "resolved": "https://registry.npmjs.org/fs-extra/-/fs-extra-6.0.1.tgz",
      "integrity": "sha512-GnyIkKhhzXZUWFCaJzvyDLEEgDkPfb4/TPvJCJVuS8MWZgoSsErf++QpiAlDnKFcqhRlm+tIOcencCjyJE6ZCA==",
      "requires": {
        "graceful-fs": "^4.1.2",
        "jsonfile": "^4.0.0",
        "universalify": "^0.1.0"
      }
    },
    "graceful-fs": {
      "version": "4.1.15",
      "resolved": "https://registry.npmjs.org/graceful-fs/-/graceful-fs-4.1.15.tgz",
      "integrity": "sha512-6uHUhOPEBgQ24HM+r6b/QwWfZq+yiFcipKFrOFiBEnWdy5sdzYoi+pJeQaPI5qOLRFqWmAXUPQNsielzdLoecA=="
    },
    "ieee754": {
      "version": "1.1.12",
      "resolved": "https://registry.npmjs.org/ieee754/-/ieee754-1.1.12.tgz",
      "integrity": "sha512-GguP+DRY+pJ3soyIiGPTvdiVXjZ+DbXOxGpXn3eMvNW4x4irjqXm4wHKscC+TfxSJ0yw/S1F24tqdMNsMZTiLA=="
    },
    "jsonfile": {
      "version": "4.0.0",
      "resolved": "https://registry.npmjs.org/jsonfile/-/jsonfile-4.0.0.tgz",
      "integrity": "sha1-h3Gq4HmbZAdrdmQPygWPnBDjPss=",
      "requires": {
        "graceful-fs": "^4.1.6"
      }
    },
    "long": {
      "version": "4.0.0",
      "resolved": "https://registry.npmjs.org/long/-/long-4.0.0.tgz",
      "integrity": "sha512-XsP+KhQif4bjX1kbuSiySJFNAehNxgLb6hPRGJ9QsUr8ajHkuXGdrHmFUTUUXhDwVX2R5bY4JNZEwbUiMhV+MA=="
    },
    "mongodb-stitch-core-sdk": {
      "version": "4.2.0",
      "resolved": "https://registry.npmjs.org/mongodb-stitch-core-sdk/-/mongodb-stitch-core-sdk-4.2.0.tgz",
      "integrity": "sha512-8bxtuU5wopWG8FzfOMbdEHrEG0uXP3sEJnD0oMbnlniQMwcauSJkMQ5ONTY9wv+PXuNmBvGujLF9u2FSWRmzzg==",
      "requires": {
        "base64-js": "^1.3.0",
        "bson": "4.0.0",
        "cross-fetch": "^2.2.3"
      }
    },
    "mongodb-stitch-core-services-mongodb-remote": {
      "version": "4.2.0",
      "resolved": "https://registry.npmjs.org/mongodb-stitch-core-services-mongodb-remote/-/mongodb-stitch-core-services-mongodb-remote-4.2.0.tgz",
      "integrity": "sha512-7wJl7oa35vuMRfA6m7BiTvwCIW7YfIZex/TsCf5o/J3vNS0kEbawOsQbYA+YBkKxuiu1pef+OGLUYeIaJO1zsw==",
      "requires": {
        "bson": "4.0.0",
        "mongodb-stitch-core-sdk": "^4.2.0"
      }
    },
    "mongodb-stitch-server-core": {
      "version": "4.2.0",
      "resolved": "https://registry.npmjs.org/mongodb-stitch-server-core/-/mongodb-stitch-server-core-4.2.0.tgz",
      "integrity": "sha512-ZMaHWe3nMmDQX+m3TcM5NX8FKsbbvPdowfSqXXTA18QRyOihJsm6r18Y5IEDKUxDfJoRCBnSItZymaPD0mxXaQ==",
      "requires": {
        "bson": "4.0.0",
        "eventsource": "1.0.7",
        "fs-extra": "^6.0.1",
        "mongodb-stitch-core-sdk": "^4.2.0"
      }
    },
    "mongodb-stitch-server-sdk": {
      "version": "4.2.0",
      "resolved": "https://registry.npmjs.org/mongodb-stitch-server-sdk/-/mongodb-stitch-server-sdk-4.2.0.tgz",
      "integrity": "sha512-4PmSfXwgKcNIlf7v2aWCelXs9QjdOHzn2MVH2i65OI73uwIw0T/J+p2JTSCsH4JWuMSQTPoEw1MNgfynGwOWoQ==",
      "requires": {
        "mongodb-stitch-server-core": "^4.2.0",
        "mongodb-stitch-server-services-mongodb-remote": "^4.2.0"
      }
    },
    "mongodb-stitch-server-services-mongodb-remote": {
      "version": "4.2.0",
      "resolved": "https://registry.npmjs.org/mongodb-stitch-server-services-mongodb-remote/-/mongodb-stitch-server-services-mongodb-remote-4.2.0.tgz",
      "integrity": "sha512-ABtR0/xWiXsqHgz7zH6t/+COgWoMTdqNpnjCk8wS3MGl8sRwH9lvH23uD9HjamBJJlOyiM+m6fYSDo4XRl8cKA==",
      "requires": {
        "mongodb-stitch-core-services-mongodb-remote": "^4.2.0",
        "mongodb-stitch-server-core": "^4.2.0"
      }
    },
    "node-fetch": {
      "version": "2.1.2",
      "resolved": "https://registry.npmjs.org/node-fetch/-/node-fetch-2.1.2.tgz",
      "integrity": "sha1-q4hOjn5X44qUR1POxwb3iNF2i7U="
    },
    "original": {
      "version": "1.0.2",
      "resolved": "https://registry.npmjs.org/original/-/original-1.0.2.tgz",
      "integrity": "sha512-hyBVl6iqqUOJ8FqRe+l/gS8H+kKYjrEndd5Pm1MfBtsEKA038HkkdbAl/72EAXGyonD/PFsvmVG+EvcIpliMBg==",
      "requires": {
        "url-parse": "^1.4.3"
      }
    },
    "querystringify": {
      "version": "2.1.0",
      "resolved": "https://registry.npmjs.org/querystringify/-/querystringify-2.1.0.tgz",
      "integrity": "sha512-sluvZZ1YiTLD5jsqZcDmFyV2EwToyXZBfpoVOmktMmW+VEnhgakFHnasVph65fOjGPTWN0Nw3+XQaSeMayr0kg=="
    },
    "requires-port": {
      "version": "1.0.0",
      "resolved": "https://registry.npmjs.org/requires-port/-/requires-port-1.0.0.tgz",
      "integrity": "sha1-kl0mAdOaxIXgkc8NpcbmlNw9yv8="
    },
    "universalify": {
      "version": "0.1.2",
      "resolved": "https://registry.npmjs.org/universalify/-/universalify-0.1.2.tgz",
      "integrity": "sha512-rBJeI5CXAlmy1pV+617WB9J63U6XcazHHF2f2dbJix4XzpUF0RS3Zbj0FGIOCAva5P/d/GBOYaACQ1w+0azUkg=="
    },
    "url-parse": {
      "version": "1.4.4",
      "resolved": "https://registry.npmjs.org/url-parse/-/url-parse-1.4.4.tgz",
      "integrity": "sha512-/92DTTorg4JjktLNLe6GPS2/RvAd/RGr6LuktmWSMLEOa6rjnlrFXNgSbSmkNvCoL2T028A0a1JaJLzRMlFoHg==",
      "requires": {
        "querystringify": "^2.0.0",
        "requires-port": "^1.0.0"
      }
    },
    "whatwg-fetch": {
      "version": "2.0.4",
      "resolved": "https://registry.npmjs.org/whatwg-fetch/-/whatwg-fetch-2.0.4.tgz",
      "integrity": "sha512-dcQ1GWpOD/eEQ97k66aiEVpNnapVj90/+R+SXTPYGHpYBBypfKJEQjLrvMZ7YXbKm21gXd4NcuxUTjiv1YtLng=="
    }
  }
}
